// !$*UTF8*$!
{
	archiveVersion = 1;
	classes = {
	};
	objectVersion = 55;
	objects = {

/* Begin PBXBuildFile section */
		4EE4D8F4263341E894F770BE /* Pods_Square1CitiesTests.framework in Frameworks */ = {isa = PBXBuildFile; fileRef = C1D2D79E2A0B4690E7D8256E /* Pods_Square1CitiesTests.framework */; };
		590B060D2764CB4200A88A8B /* Colors.xml in Resources */ = {isa = PBXBuildFile; fileRef = 590B060C2764CB4200A88A8B /* Colors.xml */; };
		590B06112764CC4000A88A8B /* Colors.swift in Sources */ = {isa = PBXBuildFile; fileRef = 590B060E2764CC4000A88A8B /* Colors.swift */; };
		590B06122764CC4000A88A8B /* Strings.swift in Sources */ = {isa = PBXBuildFile; fileRef = 590B060F2764CC4000A88A8B /* Strings.swift */; };
		590B06132764CC4000A88A8B /* Assets.swift in Sources */ = {isa = PBXBuildFile; fileRef = 590B06102764CC4000A88A8B /* Assets.swift */; };
		590B06162764CFAB00A88A8B /* CitiesApi.swift in Sources */ = {isa = PBXBuildFile; fileRef = 590B06152764CFAB00A88A8B /* CitiesApi.swift */; };
		590B06182764CFC000A88A8B /* CitiesService.swift in Sources */ = {isa = PBXBuildFile; fileRef = 590B06172764CFC000A88A8B /* CitiesService.swift */; };
		590B061A2764DE8C00A88A8B /* CitiesReviewData.swift in Sources */ = {isa = PBXBuildFile; fileRef = 590B06192764DE8C00A88A8B /* CitiesReviewData.swift */; };
		593634F627648F2A00E887FD /* AppDelegate.swift in Sources */ = {isa = PBXBuildFile; fileRef = 593634F527648F2A00E887FD /* AppDelegate.swift */; };
		593634F827648F2A00E887FD /* SceneDelegate.swift in Sources */ = {isa = PBXBuildFile; fileRef = 593634F727648F2A00E887FD /* SceneDelegate.swift */; };
		593634FF27648F2C00E887FD /* Assets.xcassets in Resources */ = {isa = PBXBuildFile; fileRef = 593634FE27648F2C00E887FD /* Assets.xcassets */; };
		5936350227648F2C00E887FD /* LaunchScreen.storyboard in Resources */ = {isa = PBXBuildFile; fileRef = 5936350027648F2C00E887FD /* LaunchScreen.storyboard */; };
		5936350D27648F2D00E887FD /* Square1CitiesTests.swift in Sources */ = {isa = PBXBuildFile; fileRef = 5936350C27648F2D00E887FD /* Square1CitiesTests.swift */; };
		5936351727648F2D00E887FD /* Square1CitiesUITests.swift in Sources */ = {isa = PBXBuildFile; fileRef = 5936351627648F2D00E887FD /* Square1CitiesUITests.swift */; };
		5936351927648F2D00E887FD /* Square1CitiesUITestsLaunchTests.swift in Sources */ = {isa = PBXBuildFile; fileRef = 5936351827648F2D00E887FD /* Square1CitiesUITestsLaunchTests.swift */; };
		593635322764940A00E887FD /* AppCoordinator.swift in Sources */ = {isa = PBXBuildFile; fileRef = 593635312764940A00E887FD /* AppCoordinator.swift */; };
		593635362764951D00E887FD /* CitiesListViewController.swift in Sources */ = {isa = PBXBuildFile; fileRef = 593635342764951D00E887FD /* CitiesListViewController.swift */; };
		593635372764951D00E887FD /* CitiesListViewController.xib in Resources */ = {isa = PBXBuildFile; fileRef = 593635352764951D00E887FD /* CitiesListViewController.xib */; };
		59363539276495BE00E887FD /* CitiesCoordinator.swift in Sources */ = {isa = PBXBuildFile; fileRef = 59363538276495BE00E887FD /* CitiesCoordinator.swift */; };
		5936353B27649CCC00E887FD /* swiftgen.yml in Resources */ = {isa = PBXBuildFile; fileRef = 5936353A27649CCC00E887FD /* swiftgen.yml */; };
		59F68ADC2764EE3E000E3420 /* CitiesMapViewController.swift in Sources */ = {isa = PBXBuildFile; fileRef = 59F68ADA2764EE3E000E3420 /* CitiesMapViewController.swift */; };
		59F68ADD2764EE3E000E3420 /* CitiesMapViewController.xib in Resources */ = {isa = PBXBuildFile; fileRef = 59F68ADB2764EE3E000E3420 /* CitiesMapViewController.xib */; };
		59F68AE02764EEBD000E3420 /* CitiesViewController.swift in Sources */ = {isa = PBXBuildFile; fileRef = 59F68ADE2764EEBD000E3420 /* CitiesViewController.swift */; };
		59F68AE12764EEBD000E3420 /* CitiesViewController.xib in Resources */ = {isa = PBXBuildFile; fileRef = 59F68ADF2764EEBD000E3420 /* CitiesViewController.xib */; };
		59F68AE32764F43F000E3420 /* UniversalLoader.swift in Sources */ = {isa = PBXBuildFile; fileRef = 59F68AE22764F43F000E3420 /* UniversalLoader.swift */; };
		59F68AE52764FAB8000E3420 /* CitiesResponse.swift in Sources */ = {isa = PBXBuildFile; fileRef = 59F68AE42764FAB8000E3420 /* CitiesResponse.swift */; };
		59F68AE827650D0D000E3420 /* CityViewCell.swift in Sources */ = {isa = PBXBuildFile; fileRef = 59F68AE627650D0D000E3420 /* CityViewCell.swift */; };
		59F68AE927650D0D000E3420 /* CityViewCell.xib in Resources */ = {isa = PBXBuildFile; fileRef = 59F68AE727650D0D000E3420 /* CityViewCell.xib */; };
		59F68AED27651DB2000E3420 /* FilterViewController.swift in Sources */ = {isa = PBXBuildFile; fileRef = 59F68AEB27651DB2000E3420 /* FilterViewController.swift */; };
		59F68AEE27651DB2000E3420 /* FilterViewController.xib in Resources */ = {isa = PBXBuildFile; fileRef = 59F68AEC27651DB2000E3420 /* FilterViewController.xib */; };
		59F68AF0276529BD000E3420 /* BaseNavigationController.swift in Sources */ = {isa = PBXBuildFile; fileRef = 59F68AEF276529BD000E3420 /* BaseNavigationController.swift */; };
		59F68AF2276540D2000E3420 /* CitiesViewModel.swift in Sources */ = {isa = PBXBuildFile; fileRef = 59F68AF1276540D1000E3420 /* CitiesViewModel.swift */; };
		64B51A2AB41D3939967EAC5C /* Pods_Square1Cities.framework in Frameworks */ = {isa = PBXBuildFile; fileRef = A1BC51DBA6BC910F633EF7B8 /* Pods_Square1Cities.framework */; };
		780C2B40FC35AB0963D66B63 /* Pods_Square1Cities_Square1CitiesUITests.framework in Frameworks */ = {isa = PBXBuildFile; fileRef = 00227182FFD0C649D6C9A39C /* Pods_Square1Cities_Square1CitiesUITests.framework */; };
/* End PBXBuildFile section */

/* Begin PBXContainerItemProxy section */
		5936350927648F2D00E887FD /* PBXContainerItemProxy */ = {
			isa = PBXContainerItemProxy;
			containerPortal = 593634EA27648F2A00E887FD /* Project object */;
			proxyType = 1;
			remoteGlobalIDString = 593634F127648F2A00E887FD;
			remoteInfo = Square1Cities;
		};
		5936351327648F2D00E887FD /* PBXContainerItemProxy */ = {
			isa = PBXContainerItemProxy;
			containerPortal = 593634EA27648F2A00E887FD /* Project object */;
			proxyType = 1;
			remoteGlobalIDString = 593634F127648F2A00E887FD;
			remoteInfo = Square1Cities;
		};
/* End PBXContainerItemProxy section */

/* Begin PBXFileReference section */
		00227182FFD0C649D6C9A39C /* Pods_Square1Cities_Square1CitiesUITests.framework */ = {isa = PBXFileReference; explicitFileType = wrapper.framework; includeInIndex = 0; path = Pods_Square1Cities_Square1CitiesUITests.framework; sourceTree = BUILT_PRODUCTS_DIR; };
		3E1702E3951DAB598EEDD5A9 /* Pods-Square1Cities.release.xcconfig */ = {isa = PBXFileReference; includeInIndex = 1; lastKnownFileType = text.xcconfig; name = "Pods-Square1Cities.release.xcconfig"; path = "Target Support Files/Pods-Square1Cities/Pods-Square1Cities.release.xcconfig"; sourceTree = "<group>"; };
		3F4676C42097BD09C2E5E3D3 /* Pods-Square1Cities.debug.xcconfig */ = {isa = PBXFileReference; includeInIndex = 1; lastKnownFileType = text.xcconfig; name = "Pods-Square1Cities.debug.xcconfig"; path = "Target Support Files/Pods-Square1Cities/Pods-Square1Cities.debug.xcconfig"; sourceTree = "<group>"; };
		590B060C2764CB4200A88A8B /* Colors.xml */ = {isa = PBXFileReference; lastKnownFileType = text.xml; path = Colors.xml; sourceTree = "<group>"; };
		590B060E2764CC4000A88A8B /* Colors.swift */ = {isa = PBXFileReference; fileEncoding = 4; lastKnownFileType = sourcecode.swift; path = Colors.swift; sourceTree = "<group>"; };
		590B060F2764CC4000A88A8B /* Strings.swift */ = {isa = PBXFileReference; fileEncoding = 4; lastKnownFileType = sourcecode.swift; path = Strings.swift; sourceTree = "<group>"; };
		590B06102764CC4000A88A8B /* Assets.swift */ = {isa = PBXFileReference; fileEncoding = 4; lastKnownFileType = sourcecode.swift; path = Assets.swift; sourceTree = "<group>"; };
		590B06152764CFAB00A88A8B /* CitiesApi.swift */ = {isa = PBXFileReference; lastKnownFileType = sourcecode.swift; path = CitiesApi.swift; sourceTree = "<group>"; };
		590B06172764CFC000A88A8B /* CitiesService.swift */ = {isa = PBXFileReference; lastKnownFileType = sourcecode.swift; path = CitiesService.swift; sourceTree = "<group>"; };
		590B06192764DE8C00A88A8B /* CitiesReviewData.swift */ = {isa = PBXFileReference; lastKnownFileType = sourcecode.swift; path = CitiesReviewData.swift; sourceTree = "<group>"; };
		593634F227648F2A00E887FD /* Square1Cities.app */ = {isa = PBXFileReference; explicitFileType = wrapper.application; includeInIndex = 0; path = Square1Cities.app; sourceTree = BUILT_PRODUCTS_DIR; };
		593634F527648F2A00E887FD /* AppDelegate.swift */ = {isa = PBXFileReference; lastKnownFileType = sourcecode.swift; path = AppDelegate.swift; sourceTree = "<group>"; };
		593634F727648F2A00E887FD /* SceneDelegate.swift */ = {isa = PBXFileReference; lastKnownFileType = sourcecode.swift; path = SceneDelegate.swift; sourceTree = "<group>"; };
		593634FE27648F2C00E887FD /* Assets.xcassets */ = {isa = PBXFileReference; lastKnownFileType = folder.assetcatalog; path = Assets.xcassets; sourceTree = "<group>"; };
		5936350127648F2C00E887FD /* Base */ = {isa = PBXFileReference; lastKnownFileType = file.storyboard; name = Base; path = Base.lproj/LaunchScreen.storyboard; sourceTree = "<group>"; };
		5936350327648F2C00E887FD /* Info.plist */ = {isa = PBXFileReference; lastKnownFileType = text.plist.xml; path = Info.plist; sourceTree = "<group>"; };
		5936350827648F2D00E887FD /* Square1CitiesTests.xctest */ = {isa = PBXFileReference; explicitFileType = wrapper.cfbundle; includeInIndex = 0; path = Square1CitiesTests.xctest; sourceTree = BUILT_PRODUCTS_DIR; };
		5936350C27648F2D00E887FD /* Square1CitiesTests.swift */ = {isa = PBXFileReference; lastKnownFileType = sourcecode.swift; path = Square1CitiesTests.swift; sourceTree = "<group>"; };
		5936351227648F2D00E887FD /* Square1CitiesUITests.xctest */ = {isa = PBXFileReference; explicitFileType = wrapper.cfbundle; includeInIndex = 0; path = Square1CitiesUITests.xctest; sourceTree = BUILT_PRODUCTS_DIR; };
		5936351627648F2D00E887FD /* Square1CitiesUITests.swift */ = {isa = PBXFileReference; lastKnownFileType = sourcecode.swift; path = Square1CitiesUITests.swift; sourceTree = "<group>"; };
		5936351827648F2D00E887FD /* Square1CitiesUITestsLaunchTests.swift */ = {isa = PBXFileReference; lastKnownFileType = sourcecode.swift; path = Square1CitiesUITestsLaunchTests.swift; sourceTree = "<group>"; };
		593635312764940A00E887FD /* AppCoordinator.swift */ = {isa = PBXFileReference; lastKnownFileType = sourcecode.swift; path = AppCoordinator.swift; sourceTree = "<group>"; };
		593635342764951D00E887FD /* CitiesListViewController.swift */ = {isa = PBXFileReference; lastKnownFileType = sourcecode.swift; path = CitiesListViewController.swift; sourceTree = "<group>"; };
		593635352764951D00E887FD /* CitiesListViewController.xib */ = {isa = PBXFileReference; lastKnownFileType = file.xib; path = CitiesListViewController.xib; sourceTree = "<group>"; };
		59363538276495BE00E887FD /* CitiesCoordinator.swift */ = {isa = PBXFileReference; lastKnownFileType = sourcecode.swift; path = CitiesCoordinator.swift; sourceTree = "<group>"; };
		5936353A27649CCC00E887FD /* swiftgen.yml */ = {isa = PBXFileReference; fileEncoding = 4; lastKnownFileType = text.yaml; path = swiftgen.yml; sourceTree = SOURCE_ROOT; };
		59F68ADA2764EE3E000E3420 /* CitiesMapViewController.swift */ = {isa = PBXFileReference; lastKnownFileType = sourcecode.swift; path = CitiesMapViewController.swift; sourceTree = "<group>"; };
		59F68ADB2764EE3E000E3420 /* CitiesMapViewController.xib */ = {isa = PBXFileReference; lastKnownFileType = file.xib; path = CitiesMapViewController.xib; sourceTree = "<group>"; };
		59F68ADE2764EEBD000E3420 /* CitiesViewController.swift */ = {isa = PBXFileReference; lastKnownFileType = sourcecode.swift; path = CitiesViewController.swift; sourceTree = "<group>"; };
		59F68ADF2764EEBD000E3420 /* CitiesViewController.xib */ = {isa = PBXFileReference; lastKnownFileType = file.xib; path = CitiesViewController.xib; sourceTree = "<group>"; };
		59F68AE22764F43F000E3420 /* UniversalLoader.swift */ = {isa = PBXFileReference; lastKnownFileType = sourcecode.swift; path = UniversalLoader.swift; sourceTree = "<group>"; };
		59F68AE42764FAB8000E3420 /* CitiesResponse.swift */ = {isa = PBXFileReference; lastKnownFileType = sourcecode.swift; path = CitiesResponse.swift; sourceTree = "<group>"; };
		59F68AE627650D0D000E3420 /* CityViewCell.swift */ = {isa = PBXFileReference; lastKnownFileType = sourcecode.swift; path = CityViewCell.swift; sourceTree = "<group>"; };
		59F68AE727650D0D000E3420 /* CityViewCell.xib */ = {isa = PBXFileReference; lastKnownFileType = file.xib; path = CityViewCell.xib; sourceTree = "<group>"; };
		59F68AEB27651DB2000E3420 /* FilterViewController.swift */ = {isa = PBXFileReference; lastKnownFileType = sourcecode.swift; path = FilterViewController.swift; sourceTree = "<group>"; };
		59F68AEC27651DB2000E3420 /* FilterViewController.xib */ = {isa = PBXFileReference; lastKnownFileType = file.xib; path = FilterViewController.xib; sourceTree = "<group>"; };
		59F68AEF276529BD000E3420 /* BaseNavigationController.swift */ = {isa = PBXFileReference; lastKnownFileType = sourcecode.swift; path = BaseNavigationController.swift; sourceTree = "<group>"; };
		59F68AF1276540D1000E3420 /* CitiesViewModel.swift */ = {isa = PBXFileReference; lastKnownFileType = sourcecode.swift; path = CitiesViewModel.swift; sourceTree = "<group>"; };
		A1BC51DBA6BC910F633EF7B8 /* Pods_Square1Cities.framework */ = {isa = PBXFileReference; explicitFileType = wrapper.framework; includeInIndex = 0; path = Pods_Square1Cities.framework; sourceTree = BUILT_PRODUCTS_DIR; };
		AF7ADDAB38746BA67BC5B9EE /* Pods-Square1CitiesTests.release.xcconfig */ = {isa = PBXFileReference; includeInIndex = 1; lastKnownFileType = text.xcconfig; name = "Pods-Square1CitiesTests.release.xcconfig"; path = "Target Support Files/Pods-Square1CitiesTests/Pods-Square1CitiesTests.release.xcconfig"; sourceTree = "<group>"; };
		C1D2D79E2A0B4690E7D8256E /* Pods_Square1CitiesTests.framework */ = {isa = PBXFileReference; explicitFileType = wrapper.framework; includeInIndex = 0; path = Pods_Square1CitiesTests.framework; sourceTree = BUILT_PRODUCTS_DIR; };
		D9E5B41D74390BE2D175D2B8 /* Pods-Square1CitiesTests.debug.xcconfig */ = {isa = PBXFileReference; includeInIndex = 1; lastKnownFileType = text.xcconfig; name = "Pods-Square1CitiesTests.debug.xcconfig"; path = "Target Support Files/Pods-Square1CitiesTests/Pods-Square1CitiesTests.debug.xcconfig"; sourceTree = "<group>"; };
		E960FFFAA2587877B8586603 /* Pods-Square1Cities-Square1CitiesUITests.debug.xcconfig */ = {isa = PBXFileReference; includeInIndex = 1; lastKnownFileType = text.xcconfig; name = "Pods-Square1Cities-Square1CitiesUITests.debug.xcconfig"; path = "Target Support Files/Pods-Square1Cities-Square1CitiesUITests/Pods-Square1Cities-Square1CitiesUITests.debug.xcconfig"; sourceTree = "<group>"; };
		EDB7815DC8DBA2EA18BA6AF8 /* Pods-Square1Cities-Square1CitiesUITests.release.xcconfig */ = {isa = PBXFileReference; includeInIndex = 1; lastKnownFileType = text.xcconfig; name = "Pods-Square1Cities-Square1CitiesUITests.release.xcconfig"; path = "Target Support Files/Pods-Square1Cities-Square1CitiesUITests/Pods-Square1Cities-Square1CitiesUITests.release.xcconfig"; sourceTree = "<group>"; };
/* End PBXFileReference section */

/* Begin PBXFrameworksBuildPhase section */
		593634EF27648F2A00E887FD /* Frameworks */ = {
			isa = PBXFrameworksBuildPhase;
			buildActionMask = 2147483647;
			files = (
				64B51A2AB41D3939967EAC5C /* Pods_Square1Cities.framework in Frameworks */,
			);
			runOnlyForDeploymentPostprocessing = 0;
		};
		5936350527648F2D00E887FD /* Frameworks */ = {
			isa = PBXFrameworksBuildPhase;
			buildActionMask = 2147483647;
			files = (
				4EE4D8F4263341E894F770BE /* Pods_Square1CitiesTests.framework in Frameworks */,
			);
			runOnlyForDeploymentPostprocessing = 0;
		};
		5936350F27648F2D00E887FD /* Frameworks */ = {
			isa = PBXFrameworksBuildPhase;
			buildActionMask = 2147483647;
			files = (
				780C2B40FC35AB0963D66B63 /* Pods_Square1Cities_Square1CitiesUITests.framework in Frameworks */,
			);
			runOnlyForDeploymentPostprocessing = 0;
		};
/* End PBXFrameworksBuildPhase section */

/* Begin PBXGroup section */
		466CECA5CCB9D656955CA485 /* Frameworks */ = {
			isa = PBXGroup;
			children = (
				A1BC51DBA6BC910F633EF7B8 /* Pods_Square1Cities.framework */,
				00227182FFD0C649D6C9A39C /* Pods_Square1Cities_Square1CitiesUITests.framework */,
				C1D2D79E2A0B4690E7D8256E /* Pods_Square1CitiesTests.framework */,
			);
			name = Frameworks;
			sourceTree = "<group>";
		};
		590B05FF2764BDC700A88A8B /* Generated */ = {
			isa = PBXGroup;
			children = (
				590B06102764CC4000A88A8B /* Assets.swift */,
				590B060E2764CC4000A88A8B /* Colors.swift */,
				590B060F2764CC4000A88A8B /* Strings.swift */,
			);
			path = Generated;
			sourceTree = "<group>";
		};
		593634E927648F2A00E887FD = {
			isa = PBXGroup;
			children = (
				593634F427648F2A00E887FD /* Square1Cities */,
				5936350B27648F2D00E887FD /* Square1CitiesTests */,
				5936351527648F2D00E887FD /* Square1CitiesUITests */,
				593634F327648F2A00E887FD /* Products */,
				7408C4960448FAAF9F52E5B2 /* Pods */,
				466CECA5CCB9D656955CA485 /* Frameworks */,
			);
			sourceTree = "<group>";
		};
		593634F327648F2A00E887FD /* Products */ = {
			isa = PBXGroup;
			children = (
				593634F227648F2A00E887FD /* Square1Cities.app */,
				5936350827648F2D00E887FD /* Square1CitiesTests.xctest */,
				5936351227648F2D00E887FD /* Square1CitiesUITests.xctest */,
			);
			name = Products;
			sourceTree = "<group>";
		};
		593634F427648F2A00E887FD /* Square1Cities */ = {
			isa = PBXGroup;
			children = (
				5936353A27649CCC00E887FD /* swiftgen.yml */,
				593635302764920A00E887FD /* App */,
				5936352E276491DE00E887FD /* Resources */,
				590B05FF2764BDC700A88A8B /* Generated */,
				5936352A2764919200E887FD /* Network */,
				5936352F276491FB00E887FD /* Database */,
				593635292764916500E887FD /* Extensions */,
				593635282764915300E887FD /* Helpers */,
				593635272764912C00E887FD /* models */,
				593635262764910B00E887FD /* Views */,
				59363525276490F300E887FD /* ViewControllers */,
				5936350027648F2C00E887FD /* LaunchScreen.storyboard */,
				5936350327648F2C00E887FD /* Info.plist */,
			);
			path = Square1Cities;
			sourceTree = "<group>";
		};
		5936350B27648F2D00E887FD /* Square1CitiesTests */ = {
			isa = PBXGroup;
			children = (
				5936350C27648F2D00E887FD /* Square1CitiesTests.swift */,
			);
			path = Square1CitiesTests;
			sourceTree = "<group>";
		};
		5936351527648F2D00E887FD /* Square1CitiesUITests */ = {
			isa = PBXGroup;
			children = (
				5936351627648F2D00E887FD /* Square1CitiesUITests.swift */,
				5936351827648F2D00E887FD /* Square1CitiesUITestsLaunchTests.swift */,
			);
			path = Square1CitiesUITests;
			sourceTree = "<group>";
		};
		59363525276490F300E887FD /* ViewControllers */ = {
			isa = PBXGroup;
			children = (
				59F68AEA27651D90000E3420 /* filter */,
				59363533276494C500E887FD /* cities */,
			);
			path = ViewControllers;
			sourceTree = "<group>";
		};
		593635262764910B00E887FD /* Views */ = {
			isa = PBXGroup;
			children = (
				59F68AE627650D0D000E3420 /* CityViewCell.swift */,
				59F68AE727650D0D000E3420 /* CityViewCell.xib */,
			);
			path = Views;
			sourceTree = "<group>";
		};
		593635272764912C00E887FD /* models */ = {
			isa = PBXGroup;
			children = (
				59F68AE42764FAB8000E3420 /* CitiesResponse.swift */,
			);
			path = models;
			sourceTree = "<group>";
		};
		593635282764915300E887FD /* Helpers */ = {
			isa = PBXGroup;
			children = (
			);
			path = Helpers;
			sourceTree = "<group>";
		};
		593635292764916500E887FD /* Extensions */ = {
			isa = PBXGroup;
			children = (
			);
			path = Extensions;
			sourceTree = "<group>";
		};
		5936352A2764919200E887FD /* Network */ = {
			isa = PBXGroup;
			children = (
				5936352C276491A600E887FD /* Services */,
				5936352B2764919C00E887FD /* Api */,
				5936352D276491BB00E887FD /* Error */,
				59F68AE22764F43F000E3420 /* UniversalLoader.swift */,
			);
			path = Network;
			sourceTree = "<group>";
		};
		5936352B2764919C00E887FD /* Api */ = {
			isa = PBXGroup;
			children = (
				590B06152764CFAB00A88A8B /* CitiesApi.swift */,
			);
			path = Api;
			sourceTree = "<group>";
		};
		5936352C276491A600E887FD /* Services */ = {
			isa = PBXGroup;
			children = (
				590B06172764CFC000A88A8B /* CitiesService.swift */,
			);
			path = Services;
			sourceTree = "<group>";
		};
		5936352D276491BB00E887FD /* Error */ = {
			isa = PBXGroup;
			children = (
			);
			path = Error;
			sourceTree = "<group>";
		};
		5936352E276491DE00E887FD /* Resources */ = {
			isa = PBXGroup;
			children = (
				593634FE27648F2C00E887FD /* Assets.xcassets */,
				590B060C2764CB4200A88A8B /* Colors.xml */,
			);
			path = Resources;
			sourceTree = "<group>";
		};
		5936352F276491FB00E887FD /* Database */ = {
			isa = PBXGroup;
			children = (
			);
			path = Database;
			sourceTree = "<group>";
		};
		593635302764920A00E887FD /* App */ = {
			isa = PBXGroup;
			children = (
				593634F527648F2A00E887FD /* AppDelegate.swift */,
				593634F727648F2A00E887FD /* SceneDelegate.swift */,
				593635312764940A00E887FD /* AppCoordinator.swift */,
				59F68AEF276529BD000E3420 /* BaseNavigationController.swift */,
			);
			path = App;
			sourceTree = "<group>";
		};
		59363533276494C500E887FD /* cities */ = {
			isa = PBXGroup;
			children = (
				59F68AD92764EE03000E3420 /* map */,
				59F68AD82764EDE8000E3420 /* list */,
				59363538276495BE00E887FD /* CitiesCoordinator.swift */,
				59F68AF1276540D1000E3420 /* CitiesViewModel.swift */,
				590B06192764DE8C00A88A8B /* CitiesReviewData.swift */,
				593635342764951D00E887FD /* CitiesListViewController.swift */,
				593635352764951D00E887FD /* CitiesListViewController.xib */,
			);
			path = cities;
			sourceTree = "<group>";
		};
		59F68AD82764EDE8000E3420 /* list */ = {
			isa = PBXGroup;
			children = (
				59F68ADE2764EEBD000E3420 /* CitiesViewController.swift */,
				59F68ADF2764EEBD000E3420 /* CitiesViewController.xib */,
			);
			name = list;
			sourceTree = "<group>";
		};
		59F68AD92764EE03000E3420 /* map */ = {
			isa = PBXGroup;
			children = (
				59F68ADA2764EE3E000E3420 /* CitiesMapViewController.swift */,
				59F68ADB2764EE3E000E3420 /* CitiesMapViewController.xib */,
			);
			name = map;
			sourceTree = "<group>";
		};
		59F68AEA27651D90000E3420 /* filter */ = {
			isa = PBXGroup;
			children = (
				59F68AEB27651DB2000E3420 /* FilterViewController.swift */,
				59F68AEC27651DB2000E3420 /* FilterViewController.xib */,
			);
			path = filter;
			sourceTree = "<group>";
		};
		7408C4960448FAAF9F52E5B2 /* Pods */ = {
			isa = PBXGroup;
			children = (
				3F4676C42097BD09C2E5E3D3 /* Pods-Square1Cities.debug.xcconfig */,
				3E1702E3951DAB598EEDD5A9 /* Pods-Square1Cities.release.xcconfig */,
				E960FFFAA2587877B8586603 /* Pods-Square1Cities-Square1CitiesUITests.debug.xcconfig */,
				EDB7815DC8DBA2EA18BA6AF8 /* Pods-Square1Cities-Square1CitiesUITests.release.xcconfig */,
				D9E5B41D74390BE2D175D2B8 /* Pods-Square1CitiesTests.debug.xcconfig */,
				AF7ADDAB38746BA67BC5B9EE /* Pods-Square1CitiesTests.release.xcconfig */,
			);
			path = Pods;
			sourceTree = "<group>";
		};
/* End PBXGroup section */

/* Begin PBXNativeTarget section */
		593634F127648F2A00E887FD /* Square1Cities */ = {
			isa = PBXNativeTarget;
			buildConfigurationList = 5936351C27648F2D00E887FD /* Build configuration list for PBXNativeTarget "Square1Cities" */;
			buildPhases = (
				ED3FF94ABCFAA26E418DB5E5 /* [CP] Check Pods Manifest.lock */,
				593634EE27648F2A00E887FD /* Sources */,
				593634EF27648F2A00E887FD /* Frameworks */,
				593634F027648F2A00E887FD /* Resources */,
				E995B82051886002F804FA8A /* [CP] Embed Pods Frameworks */,
				CC72B22CBE9EB2A9A8DD04CE /* [CP] Copy Pods Resources */,
			);
			buildRules = (
			);
			dependencies = (
			);
			name = Square1Cities;
			productName = Square1Cities;
			productReference = 593634F227648F2A00E887FD /* Square1Cities.app */;
			productType = "com.apple.product-type.application";
		};
		5936350727648F2D00E887FD /* Square1CitiesTests */ = {
			isa = PBXNativeTarget;
			buildConfigurationList = 5936351F27648F2D00E887FD /* Build configuration list for PBXNativeTarget "Square1CitiesTests" */;
			buildPhases = (
				24FB9AD6E79870D10A1CB093 /* [CP] Check Pods Manifest.lock */,
				5936350427648F2D00E887FD /* Sources */,
				5936350527648F2D00E887FD /* Frameworks */,
				5936350627648F2D00E887FD /* Resources */,
			);
			buildRules = (
			);
			dependencies = (
				5936350A27648F2D00E887FD /* PBXTargetDependency */,
			);
			name = Square1CitiesTests;
			productName = Square1CitiesTests;
			productReference = 5936350827648F2D00E887FD /* Square1CitiesTests.xctest */;
			productType = "com.apple.product-type.bundle.unit-test";
		};
		5936351127648F2D00E887FD /* Square1CitiesUITests */ = {
			isa = PBXNativeTarget;
			buildConfigurationList = 5936352227648F2D00E887FD /* Build configuration list for PBXNativeTarget "Square1CitiesUITests" */;
			buildPhases = (
				9294AA2953E60C8EBB696D1B /* [CP] Check Pods Manifest.lock */,
				5936350E27648F2D00E887FD /* Sources */,
				5936350F27648F2D00E887FD /* Frameworks */,
				5936351027648F2D00E887FD /* Resources */,
				62710FAB9C3BD4EA01497D74 /* [CP] Embed Pods Frameworks */,
				DDCAA4A80FAA63842943C546 /* [CP] Copy Pods Resources */,
			);
			buildRules = (
			);
			dependencies = (
				5936351427648F2D00E887FD /* PBXTargetDependency */,
			);
			name = Square1CitiesUITests;
			productName = Square1CitiesUITests;
			productReference = 5936351227648F2D00E887FD /* Square1CitiesUITests.xctest */;
			productType = "com.apple.product-type.bundle.ui-testing";
		};
/* End PBXNativeTarget section */

/* Begin PBXProject section */
		593634EA27648F2A00E887FD /* Project object */ = {
			isa = PBXProject;
			attributes = {
				BuildIndependentTargetsInParallel = 1;
				LastSwiftUpdateCheck = 1310;
				LastUpgradeCheck = 1310;
				TargetAttributes = {
					593634F127648F2A00E887FD = {
						CreatedOnToolsVersion = 13.1;
					};
					5936350727648F2D00E887FD = {
						CreatedOnToolsVersion = 13.1;
						TestTargetID = 593634F127648F2A00E887FD;
					};
					5936351127648F2D00E887FD = {
						CreatedOnToolsVersion = 13.1;
						TestTargetID = 593634F127648F2A00E887FD;
					};
				};
			};
			buildConfigurationList = 593634ED27648F2A00E887FD /* Build configuration list for PBXProject "Square1Cities" */;
			compatibilityVersion = "Xcode 13.0";
			developmentRegion = en;
			hasScannedForEncodings = 0;
			knownRegions = (
				en,
				Base,
			);
			mainGroup = 593634E927648F2A00E887FD;
			productRefGroup = 593634F327648F2A00E887FD /* Products */;
			projectDirPath = "";
			projectRoot = "";
			targets = (
				593634F127648F2A00E887FD /* Square1Cities */,
				5936350727648F2D00E887FD /* Square1CitiesTests */,
				5936351127648F2D00E887FD /* Square1CitiesUITests */,
			);
		};
/* End PBXProject section */

/* Begin PBXResourcesBuildPhase section */
		593634F027648F2A00E887FD /* Resources */ = {
			isa = PBXResourcesBuildPhase;
			buildActionMask = 2147483647;
			files = (
				59F68ADD2764EE3E000E3420 /* CitiesMapViewController.xib in Resources */,
				5936350227648F2C00E887FD /* LaunchScreen.storyboard in Resources */,
				590B060D2764CB4200A88A8B /* Colors.xml in Resources */,
				593634FF27648F2C00E887FD /* Assets.xcassets in Resources */,
				593635372764951D00E887FD /* CitiesListViewController.xib in Resources */,
				59F68AE927650D0D000E3420 /* CityViewCell.xib in Resources */,
				5936353B27649CCC00E887FD /* swiftgen.yml in Resources */,
				59F68AEE27651DB2000E3420 /* FilterViewController.xib in Resources */,
				59F68AE12764EEBD000E3420 /* CitiesViewController.xib in Resources */,
			);
			runOnlyForDeploymentPostprocessing = 0;
		};
		5936350627648F2D00E887FD /* Resources */ = {
			isa = PBXResourcesBuildPhase;
			buildActionMask = 2147483647;
			files = (
			);
			runOnlyForDeploymentPostprocessing = 0;
		};
		5936351027648F2D00E887FD /* Resources */ = {
			isa = PBXResourcesBuildPhase;
			buildActionMask = 2147483647;
			files = (
			);
			runOnlyForDeploymentPostprocessing = 0;
		};
/* End PBXResourcesBuildPhase section */

/* Begin PBXShellScriptBuildPhase section */
		24FB9AD6E79870D10A1CB093 /* [CP] Check Pods Manifest.lock */ = {
			isa = PBXShellScriptBuildPhase;
			buildActionMask = 2147483647;
			files = (
			);
			inputFileListPaths = (
			);
			inputPaths = (
				"${PODS_PODFILE_DIR_PATH}/Podfile.lock",
				"${PODS_ROOT}/Manifest.lock",
			);
			name = "[CP] Check Pods Manifest.lock";
			outputFileListPaths = (
			);
			outputPaths = (
				"$(DERIVED_FILE_DIR)/Pods-Square1CitiesTests-checkManifestLockResult.txt",
			);
			runOnlyForDeploymentPostprocessing = 0;
			shellPath = /bin/sh;
			shellScript = "diff \"${PODS_PODFILE_DIR_PATH}/Podfile.lock\" \"${PODS_ROOT}/Manifest.lock\" > /dev/null\nif [ $? != 0 ] ; then\n    # print error to STDERR\n    echo \"error: The sandbox is not in sync with the Podfile.lock. Run 'pod install' or update your CocoaPods installation.\" >&2\n    exit 1\nfi\n# This output is used by Xcode 'outputs' to avoid re-running this script phase.\necho \"SUCCESS\" > \"${SCRIPT_OUTPUT_FILE_0}\"\n";
			showEnvVarsInLog = 0;
		};
		62710FAB9C3BD4EA01497D74 /* [CP] Embed Pods Frameworks */ = {
			isa = PBXShellScriptBuildPhase;
			buildActionMask = 2147483647;
			files = (
			);
			inputFileListPaths = (
				"${PODS_ROOT}/Target Support Files/Pods-Square1Cities-Square1CitiesUITests/Pods-Square1Cities-Square1CitiesUITests-frameworks-${CONFIGURATION}-input-files.xcfilelist",
			);
			name = "[CP] Embed Pods Frameworks";
			outputFileListPaths = (
				"${PODS_ROOT}/Target Support Files/Pods-Square1Cities-Square1CitiesUITests/Pods-Square1Cities-Square1CitiesUITests-frameworks-${CONFIGURATION}-output-files.xcfilelist",
			);
			runOnlyForDeploymentPostprocessing = 0;
			shellPath = /bin/sh;
			shellScript = "\"${PODS_ROOT}/Target Support Files/Pods-Square1Cities-Square1CitiesUITests/Pods-Square1Cities-Square1CitiesUITests-frameworks.sh\"\n";
			showEnvVarsInLog = 0;
		};
		9294AA2953E60C8EBB696D1B /* [CP] Check Pods Manifest.lock */ = {
			isa = PBXShellScriptBuildPhase;
			buildActionMask = 2147483647;
			files = (
			);
			inputFileListPaths = (
			);
			inputPaths = (
				"${PODS_PODFILE_DIR_PATH}/Podfile.lock",
				"${PODS_ROOT}/Manifest.lock",
			);
			name = "[CP] Check Pods Manifest.lock";
			outputFileListPaths = (
			);
			outputPaths = (
				"$(DERIVED_FILE_DIR)/Pods-Square1Cities-Square1CitiesUITests-checkManifestLockResult.txt",
			);
			runOnlyForDeploymentPostprocessing = 0;
			shellPath = /bin/sh;
			shellScript = "diff \"${PODS_PODFILE_DIR_PATH}/Podfile.lock\" \"${PODS_ROOT}/Manifest.lock\" > /dev/null\nif [ $? != 0 ] ; then\n    # print error to STDERR\n    echo \"error: The sandbox is not in sync with the Podfile.lock. Run 'pod install' or update your CocoaPods installation.\" >&2\n    exit 1\nfi\n# This output is used by Xcode 'outputs' to avoid re-running this script phase.\necho \"SUCCESS\" > \"${SCRIPT_OUTPUT_FILE_0}\"\n";
			showEnvVarsInLog = 0;
		};
		CC72B22CBE9EB2A9A8DD04CE /* [CP] Copy Pods Resources */ = {
			isa = PBXShellScriptBuildPhase;
			buildActionMask = 2147483647;
			files = (
			);
			inputFileListPaths = (
				"${PODS_ROOT}/Target Support Files/Pods-Square1Cities/Pods-Square1Cities-resources-${CONFIGURATION}-input-files.xcfilelist",
			);
			name = "[CP] Copy Pods Resources";
			outputFileListPaths = (
				"${PODS_ROOT}/Target Support Files/Pods-Square1Cities/Pods-Square1Cities-resources-${CONFIGURATION}-output-files.xcfilelist",
			);
			runOnlyForDeploymentPostprocessing = 0;
			shellPath = /bin/sh;
			shellScript = "\"${PODS_ROOT}/Target Support Files/Pods-Square1Cities/Pods-Square1Cities-resources.sh\"\n";
			showEnvVarsInLog = 0;
		};
		DDCAA4A80FAA63842943C546 /* [CP] Copy Pods Resources */ = {
			isa = PBXShellScriptBuildPhase;
			buildActionMask = 2147483647;
			files = (
			);
			inputFileListPaths = (
				"${PODS_ROOT}/Target Support Files/Pods-Square1Cities-Square1CitiesUITests/Pods-Square1Cities-Square1CitiesUITests-resources-${CONFIGURATION}-input-files.xcfilelist",
			);
			name = "[CP] Copy Pods Resources";
			outputFileListPaths = (
				"${PODS_ROOT}/Target Support Files/Pods-Square1Cities-Square1CitiesUITests/Pods-Square1Cities-Square1CitiesUITests-resources-${CONFIGURATION}-output-files.xcfilelist",
			);
			runOnlyForDeploymentPostprocessing = 0;
			shellPath = /bin/sh;
			shellScript = "\"${PODS_ROOT}/Target Support Files/Pods-Square1Cities-Square1CitiesUITests/Pods-Square1Cities-Square1CitiesUITests-resources.sh\"\n";
			showEnvVarsInLog = 0;
		};
		E995B82051886002F804FA8A /* [CP] Embed Pods Frameworks */ = {
			isa = PBXShellScriptBuildPhase;
			buildActionMask = 2147483647;
			files = (
			);
			inputFileListPaths = (
				"${PODS_ROOT}/Target Support Files/Pods-Square1Cities/Pods-Square1Cities-frameworks-${CONFIGURATION}-input-files.xcfilelist",
			);
			name = "[CP] Embed Pods Frameworks";
			outputFileListPaths = (
				"${PODS_ROOT}/Target Support Files/Pods-Square1Cities/Pods-Square1Cities-frameworks-${CONFIGURATION}-output-files.xcfilelist",
			);
			runOnlyForDeploymentPostprocessing = 0;
			shellPath = /bin/sh;
			shellScript = "\"${PODS_ROOT}/Target Support Files/Pods-Square1Cities/Pods-Square1Cities-frameworks.sh\"\n";
			showEnvVarsInLog = 0;
		};
		ED3FF94ABCFAA26E418DB5E5 /* [CP] Check Pods Manifest.lock */ = {
			isa = PBXShellScriptBuildPhase;
			buildActionMask = 2147483647;
			files = (
			);
			inputFileListPaths = (
			);
			inputPaths = (
				"${PODS_PODFILE_DIR_PATH}/Podfile.lock",
				"${PODS_ROOT}/Manifest.lock",
			);
			name = "[CP] Check Pods Manifest.lock";
			outputFileListPaths = (
			);
			outputPaths = (
				"$(DERIVED_FILE_DIR)/Pods-Square1Cities-checkManifestLockResult.txt",
			);
			runOnlyForDeploymentPostprocessing = 0;
			shellPath = /bin/sh;
			shellScript = "diff \"${PODS_PODFILE_DIR_PATH}/Podfile.lock\" \"${PODS_ROOT}/Manifest.lock\" > /dev/null\nif [ $? != 0 ] ; then\n    # print error to STDERR\n    echo \"error: The sandbox is not in sync with the Podfile.lock. Run 'pod install' or update your CocoaPods installation.\" >&2\n    exit 1\nfi\n# This output is used by Xcode 'outputs' to avoid re-running this script phase.\necho \"SUCCESS\" > \"${SCRIPT_OUTPUT_FILE_0}\"\n";
			showEnvVarsInLog = 0;
		};
/* End PBXShellScriptBuildPhase section */

/* Begin PBXSourcesBuildPhase section */
		593634EE27648F2A00E887FD /* Sources */ = {
			isa = PBXSourcesBuildPhase;
			buildActionMask = 2147483647;
			files = (
				593635322764940A00E887FD /* AppCoordinator.swift in Sources */,
				59F68AE827650D0D000E3420 /* CityViewCell.swift in Sources */,
				59363539276495BE00E887FD /* CitiesCoordinator.swift in Sources */,
				59F68AED27651DB2000E3420 /* FilterViewController.swift in Sources */,
				59F68AF2276540D2000E3420 /* CitiesViewModel.swift in Sources */,
				590B06122764CC4000A88A8B /* Strings.swift in Sources */,
				590B06182764CFC000A88A8B /* CitiesService.swift in Sources */,
				590B06162764CFAB00A88A8B /* CitiesApi.swift in Sources */,
				590B06112764CC4000A88A8B /* Colors.swift in Sources */,
				59F68ADC2764EE3E000E3420 /* CitiesMapViewController.swift in Sources */,
				593634F627648F2A00E887FD /* AppDelegate.swift in Sources */,
				593634F827648F2A00E887FD /* SceneDelegate.swift in Sources */,
				59F68AE52764FAB8000E3420 /* CitiesResponse.swift in Sources */,
				590B061A2764DE8C00A88A8B /* CitiesReviewData.swift in Sources */,
				593635362764951D00E887FD /* CitiesListViewController.swift in Sources */,
				59F68AF0276529BD000E3420 /* BaseNavigationController.swift in Sources */,
				590B06132764CC4000A88A8B /* Assets.swift in Sources */,
				59F68AE32764F43F000E3420 /* UniversalLoader.swift in Sources */,
				59F68AE02764EEBD000E3420 /* CitiesViewController.swift in Sources */,
			);
			runOnlyForDeploymentPostprocessing = 0;
		};
		5936350427648F2D00E887FD /* Sources */ = {
			isa = PBXSourcesBuildPhase;
			buildActionMask = 2147483647;
			files = (
				5936350D27648F2D00E887FD /* Square1CitiesTests.swift in Sources */,
			);
			runOnlyForDeploymentPostprocessing = 0;
		};
		5936350E27648F2D00E887FD /* Sources */ = {
			isa = PBXSourcesBuildPhase;
			buildActionMask = 2147483647;
			files = (
				5936351927648F2D00E887FD /* Square1CitiesUITestsLaunchTests.swift in Sources */,
				5936351727648F2D00E887FD /* Square1CitiesUITests.swift in Sources */,
			);
			runOnlyForDeploymentPostprocessing = 0;
		};
/* End PBXSourcesBuildPhase section */

/* Begin PBXTargetDependency section */
		5936350A27648F2D00E887FD /* PBXTargetDependency */ = {
			isa = PBXTargetDependency;
			target = 593634F127648F2A00E887FD /* Square1Cities */;
			targetProxy = 5936350927648F2D00E887FD /* PBXContainerItemProxy */;
		};
		5936351427648F2D00E887FD /* PBXTargetDependency */ = {
			isa = PBXTargetDependency;
			target = 593634F127648F2A00E887FD /* Square1Cities */;
			targetProxy = 5936351327648F2D00E887FD /* PBXContainerItemProxy */;
		};
/* End PBXTargetDependency section */

/* Begin PBXVariantGroup section */
		5936350027648F2C00E887FD /* LaunchScreen.storyboard */ = {
			isa = PBXVariantGroup;
			children = (
				5936350127648F2C00E887FD /* Base */,
			);
			name = LaunchScreen.storyboard;
			sourceTree = "<group>";
		};
/* End PBXVariantGroup section */

/* Begin XCBuildConfiguration section */
		5936351A27648F2D00E887FD /* Debug */ = {
			isa = XCBuildConfiguration;
			buildSettings = {
				ALWAYS_SEARCH_USER_PATHS = NO;
				CLANG_ANALYZER_NONNULL = YES;
				CLANG_ANALYZER_NUMBER_OBJECT_CONVERSION = YES_AGGRESSIVE;
				CLANG_CXX_LANGUAGE_STANDARD = "gnu++17";
				CLANG_CXX_LIBRARY = "libc++";
				CLANG_ENABLE_MODULES = YES;
				CLANG_ENABLE_OBJC_ARC = YES;
				CLANG_ENABLE_OBJC_WEAK = YES;
				CLANG_WARN_BLOCK_CAPTURE_AUTORELEASING = YES;
				CLANG_WARN_BOOL_CONVERSION = YES;
				CLANG_WARN_COMMA = YES;
				CLANG_WARN_CONSTANT_CONVERSION = YES;
				CLANG_WARN_DEPRECATED_OBJC_IMPLEMENTATIONS = YES;
				CLANG_WARN_DIRECT_OBJC_ISA_USAGE = YES_ERROR;
				CLANG_WARN_DOCUMENTATION_COMMENTS = YES;
				CLANG_WARN_EMPTY_BODY = YES;
				CLANG_WARN_ENUM_CONVERSION = YES;
				CLANG_WARN_INFINITE_RECURSION = YES;
				CLANG_WARN_INT_CONVERSION = YES;
				CLANG_WARN_NON_LITERAL_NULL_CONVERSION = YES;
				CLANG_WARN_OBJC_IMPLICIT_RETAIN_SELF = YES;
				CLANG_WARN_OBJC_LITERAL_CONVERSION = YES;
				CLANG_WARN_OBJC_ROOT_CLASS = YES_ERROR;
				CLANG_WARN_QUOTED_INCLUDE_IN_FRAMEWORK_HEADER = YES;
				CLANG_WARN_RANGE_LOOP_ANALYSIS = YES;
				CLANG_WARN_STRICT_PROTOTYPES = YES;
				CLANG_WARN_SUSPICIOUS_MOVE = YES;
				CLANG_WARN_UNGUARDED_AVAILABILITY = YES_AGGRESSIVE;
				CLANG_WARN_UNREACHABLE_CODE = YES;
				CLANG_WARN__DUPLICATE_METHOD_MATCH = YES;
				COPY_PHASE_STRIP = NO;
				DEBUG_INFORMATION_FORMAT = dwarf;
				ENABLE_STRICT_OBJC_MSGSEND = YES;
				ENABLE_TESTABILITY = YES;
				GCC_C_LANGUAGE_STANDARD = gnu11;
				GCC_DYNAMIC_NO_PIC = NO;
				GCC_NO_COMMON_BLOCKS = YES;
				GCC_OPTIMIZATION_LEVEL = 0;
				GCC_PREPROCESSOR_DEFINITIONS = (
					"DEBUG=1",
					"$(inherited)",
				);
				GCC_WARN_64_TO_32_BIT_CONVERSION = YES;
				GCC_WARN_ABOUT_RETURN_TYPE = YES_ERROR;
				GCC_WARN_UNDECLARED_SELECTOR = YES;
				GCC_WARN_UNINITIALIZED_AUTOS = YES_AGGRESSIVE;
				GCC_WARN_UNUSED_FUNCTION = YES;
				GCC_WARN_UNUSED_VARIABLE = YES;
				IPHONEOS_DEPLOYMENT_TARGET = 15.0;
				MTL_ENABLE_DEBUG_INFO = INCLUDE_SOURCE;
				MTL_FAST_MATH = YES;
				ONLY_ACTIVE_ARCH = YES;
				SDKROOT = iphoneos;
				SWIFT_ACTIVE_COMPILATION_CONDITIONS = DEBUG;
				SWIFT_OPTIMIZATION_LEVEL = "-Onone";
			};
			name = Debug;
		};
		5936351B27648F2D00E887FD /* Release */ = {
			isa = XCBuildConfiguration;
			buildSettings = {
				ALWAYS_SEARCH_USER_PATHS = NO;
				CLANG_ANALYZER_NONNULL = YES;
				CLANG_ANALYZER_NUMBER_OBJECT_CONVERSION = YES_AGGRESSIVE;
				CLANG_CXX_LANGUAGE_STANDARD = "gnu++17";
				CLANG_CXX_LIBRARY = "libc++";
				CLANG_ENABLE_MODULES = YES;
				CLANG_ENABLE_OBJC_ARC = YES;
				CLANG_ENABLE_OBJC_WEAK = YES;
				CLANG_WARN_BLOCK_CAPTURE_AUTORELEASING = YES;
				CLANG_WARN_BOOL_CONVERSION = YES;
				CLANG_WARN_COMMA = YES;
				CLANG_WARN_CONSTANT_CONVERSION = YES;
				CLANG_WARN_DEPRECATED_OBJC_IMPLEMENTATIONS = YES;
				CLANG_WARN_DIRECT_OBJC_ISA_USAGE = YES_ERROR;
				CLANG_WARN_DOCUMENTATION_COMMENTS = YES;
				CLANG_WARN_EMPTY_BODY = YES;
				CLANG_WARN_ENUM_CONVERSION = YES;
				CLANG_WARN_INFINITE_RECURSION = YES;
				CLANG_WARN_INT_CONVERSION = YES;
				CLANG_WARN_NON_LITERAL_NULL_CONVERSION = YES;
				CLANG_WARN_OBJC_IMPLICIT_RETAIN_SELF = YES;
				CLANG_WARN_OBJC_LITERAL_CONVERSION = YES;
				CLANG_WARN_OBJC_ROOT_CLASS = YES_ERROR;
				CLANG_WARN_QUOTED_INCLUDE_IN_FRAMEWORK_HEADER = YES;
				CLANG_WARN_RANGE_LOOP_ANALYSIS = YES;
				CLANG_WARN_STRICT_PROTOTYPES = YES;
				CLANG_WARN_SUSPICIOUS_MOVE = YES;
				CLANG_WARN_UNGUARDED_AVAILABILITY = YES_AGGRESSIVE;
				CLANG_WARN_UNREACHABLE_CODE = YES;
				CLANG_WARN__DUPLICATE_METHOD_MATCH = YES;
				COPY_PHASE_STRIP = NO;
				DEBUG_INFORMATION_FORMAT = "dwarf-with-dsym";
				ENABLE_NS_ASSERTIONS = NO;
				ENABLE_STRICT_OBJC_MSGSEND = YES;
				GCC_C_LANGUAGE_STANDARD = gnu11;
				GCC_NO_COMMON_BLOCKS = YES;
				GCC_WARN_64_TO_32_BIT_CONVERSION = YES;
				GCC_WARN_ABOUT_RETURN_TYPE = YES_ERROR;
				GCC_WARN_UNDECLARED_SELECTOR = YES;
				GCC_WARN_UNINITIALIZED_AUTOS = YES_AGGRESSIVE;
				GCC_WARN_UNUSED_FUNCTION = YES;
				GCC_WARN_UNUSED_VARIABLE = YES;
				IPHONEOS_DEPLOYMENT_TARGET = 15.0;
				MTL_ENABLE_DEBUG_INFO = NO;
				MTL_FAST_MATH = YES;
				SDKROOT = iphoneos;
				SWIFT_COMPILATION_MODE = wholemodule;
				SWIFT_OPTIMIZATION_LEVEL = "-O";
				VALIDATE_PRODUCT = YES;
			};
			name = Release;
		};
		5936351D27648F2D00E887FD /* Debug */ = {
			isa = XCBuildConfiguration;
			baseConfigurationReference = 3F4676C42097BD09C2E5E3D3 /* Pods-Square1Cities.debug.xcconfig */;
			buildSettings = {
				ASSETCATALOG_COMPILER_APPICON_NAME = AppIcon;
				ASSETCATALOG_COMPILER_GLOBAL_ACCENT_COLOR_NAME = AccentColor;
				CODE_SIGN_STYLE = Automatic;
				CURRENT_PROJECT_VERSION = 1;
				DEVELOPMENT_TEAM = 5U9U9NDX53;
				GENERATE_INFOPLIST_FILE = YES;
				INFOPLIST_FILE = Square1Cities/Info.plist;
				INFOPLIST_KEY_UIApplicationSupportsIndirectInputEvents = YES;
				INFOPLIST_KEY_UILaunchStoryboardName = LaunchScreen;
				INFOPLIST_KEY_UISupportedInterfaceOrientations_iPad = "UIInterfaceOrientationPortrait UIInterfaceOrientationPortraitUpsideDown UIInterfaceOrientationLandscapeLeft UIInterfaceOrientationLandscapeRight";
				INFOPLIST_KEY_UISupportedInterfaceOrientations_iPhone = "UIInterfaceOrientationPortrait UIInterfaceOrientationLandscapeLeft UIInterfaceOrientationLandscapeRight";
				LD_RUNPATH_SEARCH_PATHS = (
					"$(inherited)",
					"@executable_path/Frameworks",
				);
				MARKETING_VERSION = 1.0;
				PRODUCT_BUNDLE_IDENTIFIER = square1.io.Square1Cities;
				PRODUCT_NAME = "$(TARGET_NAME)";
				SWIFT_EMIT_LOC_STRINGS = YES;
				SWIFT_VERSION = 5.0;
				TARGETED_DEVICE_FAMILY = "1,2";
			};
			name = Debug;
		};
		5936351E27648F2D00E887FD /* Release */ = {
			isa = XCBuildConfiguration;
			baseConfigurationReference = 3E1702E3951DAB598EEDD5A9 /* Pods-Square1Cities.release.xcconfig */;
			buildSettings = {
				ASSETCATALOG_COMPILER_APPICON_NAME = AppIcon;
				ASSETCATALOG_COMPILER_GLOBAL_ACCENT_COLOR_NAME = AccentColor;
				CODE_SIGN_STYLE = Automatic;
				CURRENT_PROJECT_VERSION = 1;
				DEVELOPMENT_TEAM = 5U9U9NDX53;
				GENERATE_INFOPLIST_FILE = YES;
				INFOPLIST_FILE = Square1Cities/Info.plist;
				INFOPLIST_KEY_UIApplicationSupportsIndirectInputEvents = YES;
				INFOPLIST_KEY_UILaunchStoryboardName = LaunchScreen;
				INFOPLIST_KEY_UISupportedInterfaceOrientations_iPad = "UIInterfaceOrientationPortrait UIInterfaceOrientationPortraitUpsideDown UIInterfaceOrientationLandscapeLeft UIInterfaceOrientationLandscapeRight";
				INFOPLIST_KEY_UISupportedInterfaceOrientations_iPhone = "UIInterfaceOrientationPortrait UIInterfaceOrientationLandscapeLeft UIInterfaceOrientationLandscapeRight";
				LD_RUNPATH_SEARCH_PATHS = (
					"$(inherited)",
					"@executable_path/Frameworks",
				);
				MARKETING_VERSION = 1.0;
				PRODUCT_BUNDLE_IDENTIFIER = square1.io.Square1Cities;
				PRODUCT_NAME = "$(TARGET_NAME)";
				SWIFT_EMIT_LOC_STRINGS = YES;
				SWIFT_VERSION = 5.0;
				TARGETED_DEVICE_FAMILY = "1,2";
			};
			name = Release;
		};
		5936352027648F2D00E887FD /* Debug */ = {
			isa = XCBuildConfiguration;
			baseConfigurationReference = D9E5B41D74390BE2D175D2B8 /* Pods-Square1CitiesTests.debug.xcconfig */;
			buildSettings = {
				ALWAYS_EMBED_SWIFT_STANDARD_LIBRARIES = YES;
				BUNDLE_LOADER = "$(TEST_HOST)";
				CODE_SIGN_STYLE = Automatic;
				CURRENT_PROJECT_VERSION = 1;
				DEVELOPMENT_TEAM = 5U9U9NDX53;
				GENERATE_INFOPLIST_FILE = YES;
				IPHONEOS_DEPLOYMENT_TARGET = 15.0;
				LD_RUNPATH_SEARCH_PATHS = (
					"$(inherited)",
					"@executable_path/Frameworks",
					"@loader_path/Frameworks",
				);
				MARKETING_VERSION = 1.0;
				PRODUCT_BUNDLE_IDENTIFIER = square1.io.Square1CitiesTests;
				PRODUCT_NAME = "$(TARGET_NAME)";
				SWIFT_EMIT_LOC_STRINGS = NO;
				SWIFT_VERSION = 5.0;
				TARGETED_DEVICE_FAMILY = "1,2";
				TEST_HOST = "$(BUILT_PRODUCTS_DIR)/Square1Cities.app/Square1Cities";
			};
			name = Debug;
		};
		5936352127648F2D00E887FD /* Release */ = {
			isa = XCBuildConfiguration;
			baseConfigurationReference = AF7ADDAB38746BA67BC5B9EE /* Pods-Square1CitiesTests.release.xcconfig */;
			buildSettings = {
				ALWAYS_EMBED_SWIFT_STANDARD_LIBRARIES = YES;
				BUNDLE_LOADER = "$(TEST_HOST)";
				CODE_SIGN_STYLE = Automatic;
				CURRENT_PROJECT_VERSION = 1;
				DEVELOPMENT_TEAM = 5U9U9NDX53;
				GENERATE_INFOPLIST_FILE = YES;
				IPHONEOS_DEPLOYMENT_TARGET = 15.0;
				LD_RUNPATH_SEARCH_PATHS = (
					"$(inherited)",
					"@executable_path/Frameworks",
					"@loader_path/Frameworks",
				);
				MARKETING_VERSION = 1.0;
				PRODUCT_BUNDLE_IDENTIFIER = square1.io.Square1CitiesTests;
				PRODUCT_NAME = "$(TARGET_NAME)";
				SWIFT_EMIT_LOC_STRINGS = NO;
				SWIFT_VERSION = 5.0;
				TARGETED_DEVICE_FAMILY = "1,2";
				TEST_HOST = "$(BUILT_PRODUCTS_DIR)/Square1Cities.app/Square1Cities";
			};
			name = Release;
		};
		5936352327648F2D00E887FD /* Debug */ = {
			isa = XCBuildConfiguration;
			baseConfigurationReference = E960FFFAA2587877B8586603 /* Pods-Square1Cities-Square1CitiesUITests.debug.xcconfig */;
			buildSettings = {
				ALWAYS_EMBED_SWIFT_STANDARD_LIBRARIES = YES;
				CODE_SIGN_STYLE = Automatic;
				CURRENT_PROJECT_VERSION = 1;
				DEVELOPMENT_TEAM = 5U9U9NDX53;
				GENERATE_INFOPLIST_FILE = YES;
				LD_RUNPATH_SEARCH_PATHS = (
					"$(inherited)",
					"@executable_path/Frameworks",
					"@loader_path/Frameworks",
				);
				MARKETING_VERSION = 1.0;
				PRODUCT_BUNDLE_IDENTIFIER = square1.io.Square1CitiesUITests;
				PRODUCT_NAME = "$(TARGET_NAME)";
				SWIFT_EMIT_LOC_STRINGS = NO;
				SWIFT_VERSION = 5.0;
				TARGETED_DEVICE_FAMILY = "1,2";
				TEST_TARGET_NAME = Square1Cities;
			};
			name = Debug;
		};
		5936352427648F2D00E887FD /* Release */ = {
			isa = XCBuildConfiguration;
			baseConfigurationReference = EDB7815DC8DBA2EA18BA6AF8 /* Pods-Square1Cities-Square1CitiesUITests.release.xcconfig */;
			buildSettings = {
				ALWAYS_EMBED_SWIFT_STANDARD_LIBRARIES = YES;
				CODE_SIGN_STYLE = Automatic;
				CURRENT_PROJECT_VERSION = 1;
				DEVELOPMENT_TEAM = 5U9U9NDX53;
				GENERATE_INFOPLIST_FILE = YES;
				LD_RUNPATH_SEARCH_PATHS = (
					"$(inherited)",
					"@executable_path/Frameworks",
					"@loader_path/Frameworks",
				);
				MARKETING_VERSION = 1.0;
				PRODUCT_BUNDLE_IDENTIFIER = square1.io.Square1CitiesUITests;
				PRODUCT_NAME = "$(TARGET_NAME)";
				SWIFT_EMIT_LOC_STRINGS = NO;
				SWIFT_VERSION = 5.0;
				TARGETED_DEVICE_FAMILY = "1,2";
				TEST_TARGET_NAME = Square1Cities;
			};
			name = Release;
		};
/* End XCBuildConfiguration section */

/* Begin XCConfigurationList section */
		593634ED27648F2A00E887FD /* Build configuration list for PBXProject "Square1Cities" */ = {
			isa = XCConfigurationList;
			buildConfigurations = (
				5936351A27648F2D00E887FD /* Debug */,
				5936351B27648F2D00E887FD /* Release */,
			);
			defaultConfigurationIsVisible = 0;
			defaultConfigurationName = Release;
		};
		5936351C27648F2D00E887FD /* Build configuration list for PBXNativeTarget "Square1Cities" */ = {
			isa = XCConfigurationList;
			buildConfigurations = (
				5936351D27648F2D00E887FD /* Debug */,
				5936351E27648F2D00E887FD /* Release */,
			);
			defaultConfigurationIsVisible = 0;
			defaultConfigurationName = Release;
		};
		5936351F27648F2D00E887FD /* Build configuration list for PBXNativeTarget "Square1CitiesTests" */ = {
			isa = XCConfigurationList;
			buildConfigurations = (
				5936352027648F2D00E887FD /* Debug */,
				5936352127648F2D00E887FD /* Release */,
			);
			defaultConfigurationIsVisible = 0;
			defaultConfigurationName = Release;
		};
		5936352227648F2D00E887FD /* Build configuration list for PBXNativeTarget "Square1CitiesUITests" */ = {
			isa = XCConfigurationList;
			buildConfigurations = (
				5936352327648F2D00E887FD /* Debug */,
				5936352427648F2D00E887FD /* Release */,
			);
			defaultConfigurationIsVisible = 0;
			defaultConfigurationName = Release;
		};
/* End XCConfigurationList section */
	};
	rootObject = 593634EA27648F2A00E887FD /* Project object */;
}
